// !$*UTF8*$!
{
	archiveVersion = 1;
	classes = {
	};
	objectVersion = 56;
	objects = {

/* Begin PBXBuildFile section */
		7F5541E42BFBD32300FEA7B4 /* CompetencesView.swift in Sources */ = {isa = PBXBuildFile; fileRef = 7F5541E32BFBD32300FEA7B4 /* CompetencesView.swift */; };
		7F5541EA2BFBF14300FEA7B4 /* DetailView.swift in Sources */ = {isa = PBXBuildFile; fileRef = 7F5541E92BFBF14300FEA7B4 /* DetailView.swift */; };
		7F5541EC2BFC047300FEA7B4 /* ProfilView.swift in Sources */ = {isa = PBXBuildFile; fileRef = 7F5541EB2BFC047300FEA7B4 /* ProfilView.swift */; };
		7FEB8C2B2BF7CEC000406064 /* AFE_V2App.swift in Sources */ = {isa = PBXBuildFile; fileRef = 7FEB8C2A2BF7CEC000406064 /* AFE_V2App.swift */; };
		7FEB8C2D2BF7CEC000406064 /* ContentView.swift in Sources */ = {isa = PBXBuildFile; fileRef = 7FEB8C2C2BF7CEC000406064 /* ContentView.swift */; };
		7FEB8C2F2BF7CEC200406064 /* Assets.xcassets in Resources */ = {isa = PBXBuildFile; fileRef = 7FEB8C2E2BF7CEC200406064 /* Assets.xcassets */; };
		7FEB8C322BF7CEC200406064 /* Preview Assets.xcassets in Resources */ = {isa = PBXBuildFile; fileRef = 7FEB8C312BF7CEC200406064 /* Preview Assets.xcassets */; };
		7FEB8C3C2BF7CEC200406064 /* AFE_V2Tests.swift in Sources */ = {isa = PBXBuildFile; fileRef = 7FEB8C3B2BF7CEC200406064 /* AFE_V2Tests.swift */; };
		7FEB8C462BF7CEC200406064 /* AFE_V2UITests.swift in Sources */ = {isa = PBXBuildFile; fileRef = 7FEB8C452BF7CEC200406064 /* AFE_V2UITests.swift */; };
		7FEB8C482BF7CEC200406064 /* AFE_V2UITestsLaunchTests.swift in Sources */ = {isa = PBXBuildFile; fileRef = 7FEB8C472BF7CEC200406064 /* AFE_V2UITestsLaunchTests.swift */; };
		7FEB8C552BF9412600406064 /* TabData.swift in Sources */ = {isa = PBXBuildFile; fileRef = 7FEB8C542BF9412600406064 /* TabData.swift */; };
		7FEB8C572BFA498400406064 /* TabView.swift in Sources */ = {isa = PBXBuildFile; fileRef = 7FEB8C562BFA498400406064 /* TabView.swift */; };
/* End PBXBuildFile section */

/* Begin PBXContainerItemProxy section */
		7FEB8C382BF7CEC200406064 /* PBXContainerItemProxy */ = {
			isa = PBXContainerItemProxy;
			containerPortal = 7FEB8C1F2BF7CEC000406064 /* Project object */;
			proxyType = 1;
			remoteGlobalIDString = 7FEB8C262BF7CEC000406064;
			remoteInfo = "AFE-V2";
		};
		7FEB8C422BF7CEC200406064 /* PBXContainerItemProxy */ = {
			isa = PBXContainerItemProxy;
			containerPortal = 7FEB8C1F2BF7CEC000406064 /* Project object */;
			proxyType = 1;
			remoteGlobalIDString = 7FEB8C262BF7CEC000406064;
			remoteInfo = "AFE-V2";
		};
/* End PBXContainerItemProxy section */

/* Begin PBXFileReference section */
		7F5541E32BFBD32300FEA7B4 /* CompetencesView.swift */ = {isa = PBXFileReference; lastKnownFileType = sourcecode.swift; path = CompetencesView.swift; sourceTree = "<group>"; };
		7F5541E92BFBF14300FEA7B4 /* DetailView.swift */ = {isa = PBXFileReference; lastKnownFileType = sourcecode.swift; path = DetailView.swift; sourceTree = "<group>"; };
		7F5541EB2BFC047300FEA7B4 /* ProfilView.swift */ = {isa = PBXFileReference; lastKnownFileType = sourcecode.swift; path = ProfilView.swift; sourceTree = "<group>"; };
		7FEB8C272BF7CEC000406064 /* AFE-V2.app */ = {isa = PBXFileReference; explicitFileType = wrapper.application; includeInIndex = 0; path = "AFE-V2.app"; sourceTree = BUILT_PRODUCTS_DIR; };
		7FEB8C2A2BF7CEC000406064 /* AFE_V2App.swift */ = {isa = PBXFileReference; lastKnownFileType = sourcecode.swift; path = AFE_V2App.swift; sourceTree = "<group>"; };
		7FEB8C2C2BF7CEC000406064 /* ContentView.swift */ = {isa = PBXFileReference; lastKnownFileType = sourcecode.swift; path = ContentView.swift; sourceTree = "<group>"; };
		7FEB8C2E2BF7CEC200406064 /* Assets.xcassets */ = {isa = PBXFileReference; lastKnownFileType = folder.assetcatalog; path = Assets.xcassets; sourceTree = "<group>"; };
		7FEB8C312BF7CEC200406064 /* Preview Assets.xcassets */ = {isa = PBXFileReference; lastKnownFileType = folder.assetcatalog; path = "Preview Assets.xcassets"; sourceTree = "<group>"; };
		7FEB8C372BF7CEC200406064 /* AFE-V2Tests.xctest */ = {isa = PBXFileReference; explicitFileType = wrapper.cfbundle; includeInIndex = 0; path = "AFE-V2Tests.xctest"; sourceTree = BUILT_PRODUCTS_DIR; };
		7FEB8C3B2BF7CEC200406064 /* AFE_V2Tests.swift */ = {isa = PBXFileReference; lastKnownFileType = sourcecode.swift; path = AFE_V2Tests.swift; sourceTree = "<group>"; };
		7FEB8C412BF7CEC200406064 /* AFE-V2UITests.xctest */ = {isa = PBXFileReference; explicitFileType = wrapper.cfbundle; includeInIndex = 0; path = "AFE-V2UITests.xctest"; sourceTree = BUILT_PRODUCTS_DIR; };
		7FEB8C452BF7CEC200406064 /* AFE_V2UITests.swift */ = {isa = PBXFileReference; lastKnownFileType = sourcecode.swift; path = AFE_V2UITests.swift; sourceTree = "<group>"; };
		7FEB8C472BF7CEC200406064 /* AFE_V2UITestsLaunchTests.swift */ = {isa = PBXFileReference; lastKnownFileType = sourcecode.swift; path = AFE_V2UITestsLaunchTests.swift; sourceTree = "<group>"; };
		7FEB8C542BF9412600406064 /* TabData.swift */ = {isa = PBXFileReference; lastKnownFileType = sourcecode.swift; path = TabData.swift; sourceTree = "<group>"; };
		7FEB8C562BFA498400406064 /* TabView.swift */ = {isa = PBXFileReference; lastKnownFileType = sourcecode.swift; path = TabView.swift; sourceTree = "<group>"; };
/* End PBXFileReference section */

/* Begin PBXFrameworksBuildPhase section */
		7FEB8C242BF7CEC000406064 /* Frameworks */ = {
			isa = PBXFrameworksBuildPhase;
			buildActionMask = 2147483647;
			files = (
			);
			runOnlyForDeploymentPostprocessing = 0;
		};
		7FEB8C342BF7CEC200406064 /* Frameworks */ = {
			isa = PBXFrameworksBuildPhase;
			buildActionMask = 2147483647;
			files = (
			);
			runOnlyForDeploymentPostprocessing = 0;
		};
		7FEB8C3E2BF7CEC200406064 /* Frameworks */ = {
			isa = PBXFrameworksBuildPhase;
			buildActionMask = 2147483647;
			files = (
			);
			runOnlyForDeploymentPostprocessing = 0;
		};
/* End PBXFrameworksBuildPhase section */

/* Begin PBXGroup section */
		7FEB8C1E2BF7CEC000406064 = {
			isa = PBXGroup;
			children = (
				7FEB8C292BF7CEC000406064 /* AFE-V2 */,
				7FEB8C3A2BF7CEC200406064 /* AFE-V2Tests */,
				7FEB8C442BF7CEC200406064 /* AFE-V2UITests */,
				7FEB8C282BF7CEC000406064 /* Products */,
			);
			sourceTree = "<group>";
		};
		7FEB8C282BF7CEC000406064 /* Products */ = {
			isa = PBXGroup;
			children = (
				7FEB8C272BF7CEC000406064 /* AFE-V2.app */,
				7FEB8C372BF7CEC200406064 /* AFE-V2Tests.xctest */,
				7FEB8C412BF7CEC200406064 /* AFE-V2UITests.xctest */,
			);
			name = Products;
			sourceTree = "<group>";
		};
		7FEB8C292BF7CEC000406064 /* AFE-V2 */ = {
			isa = PBXGroup;
			children = (
				7FEB8C2A2BF7CEC000406064 /* AFE_V2App.swift */,
				7FEB8C2C2BF7CEC000406064 /* ContentView.swift */,
				7F5541E32BFBD32300FEA7B4 /* CompetencesView.swift */,
				7F5541E92BFBF14300FEA7B4 /* DetailView.swift */,
				7F5541EB2BFC047300FEA7B4 /* ProfilView.swift */,
				7FEB8C562BFA498400406064 /* TabView.swift */,
				7FEB8C2E2BF7CEC200406064 /* Assets.xcassets */,
				7FEB8C302BF7CEC200406064 /* Preview Content */,
				7FEB8C542BF9412600406064 /* TabData.swift */,
			);
			path = "AFE-V2";
			sourceTree = "<group>";
		};
		7FEB8C302BF7CEC200406064 /* Preview Content */ = {
			isa = PBXGroup;
			children = (
				7FEB8C312BF7CEC200406064 /* Preview Assets.xcassets */,
			);
			path = "Preview Content";
			sourceTree = "<group>";
		};
		7FEB8C3A2BF7CEC200406064 /* AFE-V2Tests */ = {
			isa = PBXGroup;
			children = (
				7FEB8C3B2BF7CEC200406064 /* AFE_V2Tests.swift */,
			);
			path = "AFE-V2Tests";
			sourceTree = "<group>";
		};
		7FEB8C442BF7CEC200406064 /* AFE-V2UITests */ = {
			isa = PBXGroup;
			children = (
				7FEB8C452BF7CEC200406064 /* AFE_V2UITests.swift */,
				7FEB8C472BF7CEC200406064 /* AFE_V2UITestsLaunchTests.swift */,
			);
			path = "AFE-V2UITests";
			sourceTree = "<group>";
		};
/* End PBXGroup section */

/* Begin PBXNativeTarget section */
		7FEB8C262BF7CEC000406064 /* AFE-V2 */ = {
			isa = PBXNativeTarget;
			buildConfigurationList = 7FEB8C4B2BF7CEC200406064 /* Build configuration list for PBXNativeTarget "AFE-V2" */;
			buildPhases = (
				7FEB8C232BF7CEC000406064 /* Sources */,
				7FEB8C242BF7CEC000406064 /* Frameworks */,
				7FEB8C252BF7CEC000406064 /* Resources */,
			);
			buildRules = (
			);
			dependencies = (
			);
			name = "AFE-V2";
			productName = "AFE-V2";
			productReference = 7FEB8C272BF7CEC000406064 /* AFE-V2.app */;
			productType = "com.apple.product-type.application";
		};
		7FEB8C362BF7CEC200406064 /* AFE-V2Tests */ = {
			isa = PBXNativeTarget;
			buildConfigurationList = 7FEB8C4E2BF7CEC200406064 /* Build configuration list for PBXNativeTarget "AFE-V2Tests" */;
			buildPhases = (
				7FEB8C332BF7CEC200406064 /* Sources */,
				7FEB8C342BF7CEC200406064 /* Frameworks */,
				7FEB8C352BF7CEC200406064 /* Resources */,
			);
			buildRules = (
			);
			dependencies = (
				7FEB8C392BF7CEC200406064 /* PBXTargetDependency */,
			);
			name = "AFE-V2Tests";
			productName = "AFE-V2Tests";
			productReference = 7FEB8C372BF7CEC200406064 /* AFE-V2Tests.xctest */;
			productType = "com.apple.product-type.bundle.unit-test";
		};
		7FEB8C402BF7CEC200406064 /* AFE-V2UITests */ = {
			isa = PBXNativeTarget;
			buildConfigurationList = 7FEB8C512BF7CEC200406064 /* Build configuration list for PBXNativeTarget "AFE-V2UITests" */;
			buildPhases = (
				7FEB8C3D2BF7CEC200406064 /* Sources */,
				7FEB8C3E2BF7CEC200406064 /* Frameworks */,
				7FEB8C3F2BF7CEC200406064 /* Resources */,
			);
			buildRules = (
			);
			dependencies = (
				7FEB8C432BF7CEC200406064 /* PBXTargetDependency */,
			);
			name = "AFE-V2UITests";
			productName = "AFE-V2UITests";
			productReference = 7FEB8C412BF7CEC200406064 /* AFE-V2UITests.xctest */;
			productType = "com.apple.product-type.bundle.ui-testing";
		};
/* End PBXNativeTarget section */

/* Begin PBXProject section */
		7FEB8C1F2BF7CEC000406064 /* Project object */ = {
			isa = PBXProject;
			attributes = {
				BuildIndependentTargetsInParallel = 1;
				LastSwiftUpdateCheck = 1500;
				LastUpgradeCheck = 1500;
				TargetAttributes = {
					7FEB8C262BF7CEC000406064 = {
						CreatedOnToolsVersion = 15.0.1;
					};
					7FEB8C362BF7CEC200406064 = {
						CreatedOnToolsVersion = 15.0.1;
						TestTargetID = 7FEB8C262BF7CEC000406064;
					};
					7FEB8C402BF7CEC200406064 = {
						CreatedOnToolsVersion = 15.0.1;
						TestTargetID = 7FEB8C262BF7CEC000406064;
					};
				};
			};
			buildConfigurationList = 7FEB8C222BF7CEC000406064 /* Build configuration list for PBXProject "AFE-V2" */;
			compatibilityVersion = "Xcode 14.0";
			developmentRegion = en;
			hasScannedForEncodings = 0;
			knownRegions = (
				en,
				Base,
			);
			mainGroup = 7FEB8C1E2BF7CEC000406064;
			productRefGroup = 7FEB8C282BF7CEC000406064 /* Products */;
			projectDirPath = "";
			projectRoot = "";
			targets = (
				7FEB8C262BF7CEC000406064 /* AFE-V2 */,
				7FEB8C362BF7CEC200406064 /* AFE-V2Tests */,
				7FEB8C402BF7CEC200406064 /* AFE-V2UITests */,
			);
		};
/* End PBXProject section */

/* Begin PBXResourcesBuildPhase section */
		7FEB8C252BF7CEC000406064 /* Resources */ = {
			isa = PBXResourcesBuildPhase;
			buildActionMask = 2147483647;
			files = (
				7FEB8C322BF7CEC200406064 /* Preview Assets.xcassets in Resources */,
				7FEB8C2F2BF7CEC200406064 /* Assets.xcassets in Resources */,
			);
			runOnlyForDeploymentPostprocessing = 0;
		};
		7FEB8C352BF7CEC200406064 /* Resources */ = {
			isa = PBXResourcesBuildPhase;
			buildActionMask = 2147483647;
			files = (
			);
			runOnlyForDeploymentPostprocessing = 0;
		};
		7FEB8C3F2BF7CEC200406064 /* Resources */ = {
			isa = PBXResourcesBuildPhase;
			buildActionMask = 2147483647;
			files = (
			);
			runOnlyForDeploymentPostprocessing = 0;
		};
/* End PBXResourcesBuildPhase section */

/* Begin PBXSourcesBuildPhase section */
		7FEB8C232BF7CEC000406064 /* Sources */ = {
			isa = PBXSourcesBuildPhase;
			buildActionMask = 2147483647;
			files = (
				7F5541EA2BFBF14300FEA7B4 /* DetailView.swift in Sources */,
				7F5541EC2BFC047300FEA7B4 /* ProfilView.swift in Sources */,
				7FEB8C2D2BF7CEC000406064 /* ContentView.swift in Sources */,
				7FEB8C552BF9412600406064 /* TabData.swift in Sources */,
				7F5541E42BFBD32300FEA7B4 /* CompetencesView.swift in Sources */,
				7FEB8C572BFA498400406064 /* TabView.swift in Sources */,
				7FEB8C2B2BF7CEC000406064 /* AFE_V2App.swift in Sources */,
			);
			runOnlyForDeploymentPostprocessing = 0;
		};
		7FEB8C332BF7CEC200406064 /* Sources */ = {
			isa = PBXSourcesBuildPhase;
			buildActionMask = 2147483647;
			files = (
				7FEB8C3C2BF7CEC200406064 /* AFE_V2Tests.swift in Sources */,
			);
			runOnlyForDeploymentPostprocessing = 0;
		};
		7FEB8C3D2BF7CEC200406064 /* Sources */ = {
			isa = PBXSourcesBuildPhase;
			buildActionMask = 2147483647;
			files = (
				7FEB8C462BF7CEC200406064 /* AFE_V2UITests.swift in Sources */,
				7FEB8C482BF7CEC200406064 /* AFE_V2UITestsLaunchTests.swift in Sources */,
			);
			runOnlyForDeploymentPostprocessing = 0;
		};
/* End PBXSourcesBuildPhase section */

/* Begin PBXTargetDependency section */
		7FEB8C392BF7CEC200406064 /* PBXTargetDependency */ = {
			isa = PBXTargetDependency;
			target = 7FEB8C262BF7CEC000406064 /* AFE-V2 */;
			targetProxy = 7FEB8C382BF7CEC200406064 /* PBXContainerItemProxy */;
		};
		7FEB8C432BF7CEC200406064 /* PBXTargetDependency */ = {
			isa = PBXTargetDependency;
			target = 7FEB8C262BF7CEC000406064 /* AFE-V2 */;
			targetProxy = 7FEB8C422BF7CEC200406064 /* PBXContainerItemProxy */;
		};
/* End PBXTargetDependency section */

/* Begin XCBuildConfiguration section */
		7FEB8C492BF7CEC200406064 /* Debug */ = {
			isa = XCBuildConfiguration;
			buildSettings = {
				ALWAYS_SEARCH_USER_PATHS = NO;
				ASSETCATALOG_COMPILER_GENERATE_SWIFT_ASSET_SYMBOL_EXTENSIONS = YES;
				CLANG_ANALYZER_NONNULL = YES;
				CLANG_ANALYZER_NUMBER_OBJECT_CONVERSION = YES_AGGRESSIVE;
				CLANG_CXX_LANGUAGE_STANDARD = "gnu++20";
				CLANG_ENABLE_MODULES = YES;
				CLANG_ENABLE_OBJC_ARC = YES;
				CLANG_ENABLE_OBJC_WEAK = YES;
				CLANG_WARN_BLOCK_CAPTURE_AUTORELEASING = YES;
				CLANG_WARN_BOOL_CONVERSION = YES;
				CLANG_WARN_COMMA = YES;
				CLANG_WARN_CONSTANT_CONVERSION = YES;
				CLANG_WARN_DEPRECATED_OBJC_IMPLEMENTATIONS = YES;
				CLANG_WARN_DIRECT_OBJC_ISA_USAGE = YES_ERROR;
				CLANG_WARN_DOCUMENTATION_COMMENTS = YES;
				CLANG_WARN_EMPTY_BODY = YES;
				CLANG_WARN_ENUM_CONVERSION = YES;
				CLANG_WARN_INFINITE_RECURSION = YES;
				CLANG_WARN_INT_CONVERSION = YES;
				CLANG_WARN_NON_LITERAL_NULL_CONVERSION = YES;
				CLANG_WARN_OBJC_IMPLICIT_RETAIN_SELF = YES;
				CLANG_WARN_OBJC_LITERAL_CONVERSION = YES;
				CLANG_WARN_OBJC_ROOT_CLASS = YES_ERROR;
				CLANG_WARN_QUOTED_INCLUDE_IN_FRAMEWORK_HEADER = YES;
				CLANG_WARN_RANGE_LOOP_ANALYSIS = YES;
				CLANG_WARN_STRICT_PROTOTYPES = YES;
				CLANG_WARN_SUSPICIOUS_MOVE = YES;
				CLANG_WARN_UNGUARDED_AVAILABILITY = YES_AGGRESSIVE;
				CLANG_WARN_UNREACHABLE_CODE = YES;
				CLANG_WARN__DUPLICATE_METHOD_MATCH = YES;
				COPY_PHASE_STRIP = NO;
				DEBUG_INFORMATION_FORMAT = dwarf;
				ENABLE_STRICT_OBJC_MSGSEND = YES;
				ENABLE_TESTABILITY = YES;
				ENABLE_USER_SCRIPT_SANDBOXING = YES;
				GCC_C_LANGUAGE_STANDARD = gnu17;
				GCC_DYNAMIC_NO_PIC = NO;
				GCC_NO_COMMON_BLOCKS = YES;
				GCC_OPTIMIZATION_LEVEL = 0;
				GCC_PREPROCESSOR_DEFINITIONS = (
					"DEBUG=1",
					"$(inherited)",
				);
				GCC_WARN_64_TO_32_BIT_CONVERSION = YES;
				GCC_WARN_ABOUT_RETURN_TYPE = YES_ERROR;
				GCC_WARN_UNDECLARED_SELECTOR = YES;
				GCC_WARN_UNINITIALIZED_AUTOS = YES_AGGRESSIVE;
				GCC_WARN_UNUSED_FUNCTION = YES;
				GCC_WARN_UNUSED_VARIABLE = YES;
				IPHONEOS_DEPLOYMENT_TARGET = 17.0;
				LOCALIZATION_PREFERS_STRING_CATALOGS = YES;
				MTL_ENABLE_DEBUG_INFO = INCLUDE_SOURCE;
				MTL_FAST_MATH = YES;
				ONLY_ACTIVE_ARCH = YES;
				SDKROOT = iphoneos;
				SWIFT_ACTIVE_COMPILATION_CONDITIONS = "DEBUG $(inherited)";
				SWIFT_OPTIMIZATION_LEVEL = "-Onone";
			};
			name = Debug;
		};
		7FEB8C4A2BF7CEC200406064 /* Release */ = {
			isa = XCBuildConfiguration;
			buildSettings = {
				ALWAYS_SEARCH_USER_PATHS = NO;
				ASSETCATALOG_COMPILER_GENERATE_SWIFT_ASSET_SYMBOL_EXTENSIONS = YES;
				CLANG_ANALYZER_NONNULL = YES;
				CLANG_ANALYZER_NUMBER_OBJECT_CONVERSION = YES_AGGRESSIVE;
				CLANG_CXX_LANGUAGE_STANDARD = "gnu++20";
				CLANG_ENABLE_MODULES = YES;
				CLANG_ENABLE_OBJC_ARC = YES;
				CLANG_ENABLE_OBJC_WEAK = YES;
				CLANG_WARN_BLOCK_CAPTURE_AUTORELEASING = YES;
				CLANG_WARN_BOOL_CONVERSION = YES;
				CLANG_WARN_COMMA = YES;
				CLANG_WARN_CONSTANT_CONVERSION = YES;
				CLANG_WARN_DEPRECATED_OBJC_IMPLEMENTATIONS = YES;
				CLANG_WARN_DIRECT_OBJC_ISA_USAGE = YES_ERROR;
				CLANG_WARN_DOCUMENTATION_COMMENTS = YES;
				CLANG_WARN_EMPTY_BODY = YES;
				CLANG_WARN_ENUM_CONVERSION = YES;
				CLANG_WARN_INFINITE_RECURSION = YES;
				CLANG_WARN_INT_CONVERSION = YES;
				CLANG_WARN_NON_LITERAL_NULL_CONVERSION = YES;
				CLANG_WARN_OBJC_IMPLICIT_RETAIN_SELF = YES;
				CLANG_WARN_OBJC_LITERAL_CONVERSION = YES;
				CLANG_WARN_OBJC_ROOT_CLASS = YES_ERROR;
				CLANG_WARN_QUOTED_INCLUDE_IN_FRAMEWORK_HEADER = YES;
				CLANG_WARN_RANGE_LOOP_ANALYSIS = YES;
				CLANG_WARN_STRICT_PROTOTYPES = YES;
				CLANG_WARN_SUSPICIOUS_MOVE = YES;
				CLANG_WARN_UNGUARDED_AVAILABILITY = YES_AGGRESSIVE;
				CLANG_WARN_UNREACHABLE_CODE = YES;
				CLANG_WARN__DUPLICATE_METHOD_MATCH = YES;
				COPY_PHASE_STRIP = NO;
				DEBUG_INFORMATION_FORMAT = "dwarf-with-dsym";
				ENABLE_NS_ASSERTIONS = NO;
				ENABLE_STRICT_OBJC_MSGSEND = YES;
				ENABLE_USER_SCRIPT_SANDBOXING = YES;
				GCC_C_LANGUAGE_STANDARD = gnu17;
				GCC_NO_COMMON_BLOCKS = YES;
				GCC_WARN_64_TO_32_BIT_CONVERSION = YES;
				GCC_WARN_ABOUT_RETURN_TYPE = YES_ERROR;
				GCC_WARN_UNDECLARED_SELECTOR = YES;
				GCC_WARN_UNINITIALIZED_AUTOS = YES_AGGRESSIVE;
				GCC_WARN_UNUSED_FUNCTION = YES;
				GCC_WARN_UNUSED_VARIABLE = YES;
				IPHONEOS_DEPLOYMENT_TARGET = 17.0;
				LOCALIZATION_PREFERS_STRING_CATALOGS = YES;
				MTL_ENABLE_DEBUG_INFO = NO;
				MTL_FAST_MATH = YES;
				SDKROOT = iphoneos;
				SWIFT_COMPILATION_MODE = wholemodule;
				VALIDATE_PRODUCT = YES;
			};
			name = Release;
		};
		7FEB8C4C2BF7CEC200406064 /* Debug */ = {
			isa = XCBuildConfiguration;
			buildSettings = {
				ASSETCATALOG_COMPILER_APPICON_NAME = AppIcon;
				ASSETCATALOG_COMPILER_GLOBAL_ACCENT_COLOR_NAME = AccentColor;
				CODE_SIGN_STYLE = Automatic;
				CURRENT_PROJECT_VERSION = 1;
				DEVELOPMENT_ASSET_PATHS = "\"AFE-V2/Preview Content\"";
				ENABLE_PREVIEWS = YES;
				GENERATE_INFOPLIST_FILE = YES;
				INFOPLIST_KEY_UIApplicationSceneManifest_Generation = YES;
				INFOPLIST_KEY_UIApplicationSupportsIndirectInputEvents = YES;
				INFOPLIST_KEY_UILaunchScreen_Generation = YES;
				INFOPLIST_KEY_UISupportedInterfaceOrientations_iPad = "UIInterfaceOrientationPortrait UIInterfaceOrientationPortraitUpsideDown UIInterfaceOrientationLandscapeLeft UIInterfaceOrientationLandscapeRight";
				INFOPLIST_KEY_UISupportedInterfaceOrientations_iPhone = "UIInterfaceOrientationPortrait UIInterfaceOrientationLandscapeLeft UIInterfaceOrientationLandscapeRight";
				LD_RUNPATH_SEARCH_PATHS = (
					"$(inherited)",
					"@executable_path/Frameworks",
				);
				MARKETING_VERSION = 1.0;
				PRODUCT_BUNDLE_IDENTIFIER = "Mounir.AFE-V2";
				PRODUCT_NAME = "$(TARGET_NAME)";
				SWIFT_EMIT_LOC_STRINGS = YES;
				SWIFT_VERSION = 5.0;
				TARGETED_DEVICE_FAMILY = "1,2";
			};
			name = Debug;
		};
		7FEB8C4D2BF7CEC200406064 /* Release */ = {
			isa = XCBuildConfiguration;
			buildSettings = {
				ASSETCATALOG_COMPILER_APPICON_NAME = AppIcon;
				ASSETCATALOG_COMPILER_GLOBAL_ACCENT_COLOR_NAME = AccentColor;
				CODE_SIGN_STYLE = Automatic;
				CURRENT_PROJECT_VERSION = 1;
				DEVELOPMENT_ASSET_PATHS = "\"AFE-V2/Preview Content\"";
				ENABLE_PREVIEWS = YES;
				GENERATE_INFOPLIST_FILE = YES;
				INFOPLIST_KEY_UIApplicationSceneManifest_Generation = YES;
				INFOPLIST_KEY_UIApplicationSupportsIndirectInputEvents = YES;
				INFOPLIST_KEY_UILaunchScreen_Generation = YES;
				INFOPLIST_KEY_UISupportedInterfaceOrientations_iPad = "UIInterfaceOrientationPortrait UIInterfaceOrientationPortraitUpsideDown UIInterfaceOrientationLandscapeLeft UIInterfaceOrientationLandscapeRight";
				INFOPLIST_KEY_UISupportedInterfaceOrientations_iPhone = "UIInterfaceOrientationPortrait UIInterfaceOrientationLandscapeLeft UIInterfaceOrientationLandscapeRight";
				LD_RUNPATH_SEARCH_PATHS = (
					"$(inherited)",
					"@executable_path/Frameworks",
				);
				MARKETING_VERSION = 1.0;
				PRODUCT_BUNDLE_IDENTIFIER = "Mounir.AFE-V2";
				PRODUCT_NAME = "$(TARGET_NAME)";
				SWIFT_EMIT_LOC_STRINGS = YES;
				SWIFT_VERSION = 5.0;
				TARGETED_DEVICE_FAMILY = "1,2";
			};
			name = Release;
		};
		7FEB8C4F2BF7CEC200406064 /* Debug */ = {
			isa = XCBuildConfiguration;
			buildSettings = {
				ALWAYS_EMBED_SWIFT_STANDARD_LIBRARIES = YES;
				BUNDLE_LOADER = "$(TEST_HOST)";
				CODE_SIGN_STYLE = Automatic;
				CURRENT_PROJECT_VERSION = 1;
				GENERATE_INFOPLIST_FILE = YES;
				IPHONEOS_DEPLOYMENT_TARGET = 17.0;
				MARKETING_VERSION = 1.0;
				PRODUCT_BUNDLE_IDENTIFIER = "Mounir.AFE-V2Tests";
				PRODUCT_NAME = "$(TARGET_NAME)";
				SWIFT_EMIT_LOC_STRINGS = NO;
				SWIFT_VERSION = 5.0;
				TARGETED_DEVICE_FAMILY = "1,2";
				TEST_HOST = "$(BUILT_PRODUCTS_DIR)/AFE-V2.app/$(BUNDLE_EXECUTABLE_FOLDER_PATH)/AFE-V2";
			};
			name = Debug;
		};
		7FEB8C502BF7CEC200406064 /* Release */ = {
			isa = XCBuildConfiguration;
			buildSettings = {
				ALWAYS_EMBED_SWIFT_STANDARD_LIBRARIES = YES;
				BUNDLE_LOADER = "$(TEST_HOST)";
				CODE_SIGN_STYLE = Automatic;
				CURRENT_PROJECT_VERSION = 1;
				GENERATE_INFOPLIST_FILE = YES;
				IPHONEOS_DEPLOYMENT_TARGET = 17.0;
				MARKETING_VERSION = 1.0;
				PRODUCT_BUNDLE_IDENTIFIER = "Mounir.AFE-V2Tests";
				PRODUCT_NAME = "$(TARGET_NAME)";
				SWIFT_EMIT_LOC_STRINGS = NO;
				SWIFT_VERSION = 5.0;
				TARGETED_DEVICE_FAMILY = "1,2";
				TEST_HOST = "$(BUILT_PRODUCTS_DIR)/AFE-V2.app/$(BUNDLE_EXECUTABLE_FOLDER_PATH)/AFE-V2";
			};
			name = Release;
		};
		7FEB8C522BF7CEC200406064 /* Debug */ = {
			isa = XCBuildConfiguration;
			buildSettings = {
				ALWAYS_EMBED_SWIFT_STANDARD_LIBRARIES = YES;
				CODE_SIGN_STYLE = Automatic;
				CURRENT_PROJECT_VERSION = 1;
				GENERATE_INFOPLIST_FILE = YES;
				MARKETING_VERSION = 1.0;
				PRODUCT_BUNDLE_IDENTIFIER = "Mounir.AFE-V2UITests";
				PRODUCT_NAME = "$(TARGET_NAME)";
				SWIFT_EMIT_LOC_STRINGS = NO;
				SWIFT_VERSION = 5.0;
				TARGETED_DEVICE_FAMILY = "1,2";
				TEST_TARGET_NAME = "AFE-V2";
			};
			name = Debug;
		};
		7FEB8C532BF7CEC200406064 /* Release */ = {
			isa = XCBuildConfiguration;
			buildSettings = {
				ALWAYS_EMBED_SWIFT_STANDARD_LIBRARIES = YES;
				CODE_SIGN_STYLE = Automatic;
				CURRENT_PROJECT_VERSION = 1;
				GENERATE_INFOPLIST_FILE = YES;
				MARKETING_VERSION = 1.0;
				PRODUCT_BUNDLE_IDENTIFIER = "Mounir.AFE-V2UITests";
				PRODUCT_NAME = "$(TARGET_NAME)";
				SWIFT_EMIT_LOC_STRINGS = NO;
				SWIFT_VERSION = 5.0;
				TARGETED_DEVICE_FAMILY = "1,2";
				TEST_TARGET_NAME = "AFE-V2";
			};
			name = Release;
		};
/* End XCBuildConfiguration section */

/* Begin XCConfigurationList section */
		7FEB8C222BF7CEC000406064 /* Build configuration list for PBXProject "AFE-V2" */ = {
			isa = XCConfigurationList;
			buildConfigurations = (
				7FEB8C492BF7CEC200406064 /* Debug */,
				7FEB8C4A2BF7CEC200406064 /* Release */,
			);
			defaultConfigurationIsVisible = 0;
			defaultConfigurationName = Release;
		};
		7FEB8C4B2BF7CEC200406064 /* Build configuration list for PBXNativeTarget "AFE-V2" */ = {
			isa = XCConfigurationList;
			buildConfigurations = (
				7FEB8C4C2BF7CEC200406064 /* Debug */,
				7FEB8C4D2BF7CEC200406064 /* Release */,
			);
			defaultConfigurationIsVisible = 0;
			defaultConfigurationName = Release;
		};
		7FEB8C4E2BF7CEC200406064 /* Build configuration list for PBXNativeTarget "AFE-V2Tests" */ = {
			isa = XCConfigurationList;
			buildConfigurations = (
				7FEB8C4F2BF7CEC200406064 /* Debug */,
				7FEB8C502BF7CEC200406064 /* Release */,
			);
			defaultConfigurationIsVisible = 0;
			defaultConfigurationName = Release;
		};
		7FEB8C512BF7CEC200406064 /* Build configuration list for PBXNativeTarget "AFE-V2UITests" */ = {
			isa = XCConfigurationList;
			buildConfigurations = (
				7FEB8C522BF7CEC200406064 /* Debug */,
				7FEB8C532BF7CEC200406064 /* Release */,
			);
			defaultConfigurationIsVisible = 0;
			defaultConfigurationName = Release;
		};
/* End XCConfigurationList section */
	};
	rootObject = 7FEB8C1F2BF7CEC000406064 /* Project object */;
}
